
Microsoft Visual Studio Solution File, Format Version 12.00
# Visual Studio Version 17
VisualStudioVersion = 17.7.34031.279
MinimumVisualStudioVersion = 10.0.40219.1
Project("{FAE04EC0-301F-11D3-BF4B-00C04F79EFBC}") = "TestProject", "TestProject\TestProject.csproj", "{F9091362-0069-45C5-91D9-FD7C0176FEA0}"
EndProject
Global
	GlobalSection(SolutionConfigurationPlatforms) = preSolution
		Debug|Any CPU = Debug|Any CPU
		Release|Any CPU = Release|Any CPU
	EndGlobalSection
	GlobalSection(ProjectConfigurationPlatforms) = postSolution
		{F9091362-0069-45C5-91D9-FD7C0176FEA0}.Debug|Any CPU.ActiveCfg = Debug|Any CPU
		{F9091362-0069-45C5-91D9-FD7C0176FEA0}.Debug|Any CPU.Build.0 = Debug|Any CPU
		{F9091362-0069-45C5-91D9-FD7C0176FEA0}.Release|Any CPU.ActiveCfg = Release|Any CPU
		{F9091362-0069-45C5-91D9-FD7C0176FEA0}.Release|Any CPU.Build.0 = Release|Any CPU
	EndGlobalSection
	GlobalSection(SolutionProperties) = preSolution
		HideSolutionNode = FALSE
	EndGlobalSection
	GlobalSection(ExtensibilityGlobals) = postSolution
		SolutionGuid = {083E478B-1630-4B4B-B244-C977C84924CD}
	EndGlobalSection
EndGlobal
